// !$*UTF8*$!
{
	archiveVersion = 1;
	classes = {
	};
	objectVersion = 50;
	objects = {

/* Begin PBXBuildFile section */
		112C288D2510A315009AA08A /* AppDelegate.swift in Sources */ = {isa = PBXBuildFile; fileRef = 112C288C2510A315009AA08A /* AppDelegate.swift */; };
		112C288F2510A315009AA08A /* SceneDelegate.swift in Sources */ = {isa = PBXBuildFile; fileRef = 112C288E2510A315009AA08A /* SceneDelegate.swift */; };
		112C28912510A315009AA08A /* ViewController.swift in Sources */ = {isa = PBXBuildFile; fileRef = 112C28902510A315009AA08A /* ViewController.swift */; };
		112C28942510A315009AA08A /* Main.storyboard in Resources */ = {isa = PBXBuildFile; fileRef = 112C28922510A315009AA08A /* Main.storyboard */; };
		112C28962510A317009AA08A /* Assets.xcassets in Resources */ = {isa = PBXBuildFile; fileRef = 112C28952510A317009AA08A /* Assets.xcassets */; };
		112C28992510A317009AA08A /* LaunchScreen.storyboard in Resources */ = {isa = PBXBuildFile; fileRef = 112C28972510A317009AA08A /* LaunchScreen.storyboard */; };
		112C28A42510A317009AA08A /* StampTests.swift in Sources */ = {isa = PBXBuildFile; fileRef = 112C28A32510A317009AA08A /* StampTests.swift */; };
		112C28AF2510A317009AA08A /* StampUITests.swift in Sources */ = {isa = PBXBuildFile; fileRef = 112C28AE2510A317009AA08A /* StampUITests.swift */; };
/* End PBXBuildFile section */

/* Begin PBXContainerItemProxy section */
		112C28A02510A317009AA08A /* PBXContainerItemProxy */ = {
			isa = PBXContainerItemProxy;
			containerPortal = 112C28812510A315009AA08A /* Project object */;
			proxyType = 1;
			remoteGlobalIDString = 112C28882510A315009AA08A;
			remoteInfo = Stamp;
		};
		112C28AB2510A317009AA08A /* PBXContainerItemProxy */ = {
			isa = PBXContainerItemProxy;
			containerPortal = 112C28812510A315009AA08A /* Project object */;
			proxyType = 1;
			remoteGlobalIDString = 112C28882510A315009AA08A;
			remoteInfo = Stamp;
		};
/* End PBXContainerItemProxy section */

/* Begin PBXFileReference section */
		112C28892510A315009AA08A /* Stamp.app */ = {isa = PBXFileReference; explicitFileType = wrapper.application; includeInIndex = 0; path = Stamp.app; sourceTree = BUILT_PRODUCTS_DIR; };
		112C288C2510A315009AA08A /* AppDelegate.swift */ = {isa = PBXFileReference; lastKnownFileType = sourcecode.swift; path = AppDelegate.swift; sourceTree = "<group>"; };
		112C288E2510A315009AA08A /* SceneDelegate.swift */ = {isa = PBXFileReference; lastKnownFileType = sourcecode.swift; path = SceneDelegate.swift; sourceTree = "<group>"; };
		112C28902510A315009AA08A /* ViewController.swift */ = {isa = PBXFileReference; lastKnownFileType = sourcecode.swift; path = ViewController.swift; sourceTree = "<group>"; };
		112C28932510A315009AA08A /* Base */ = {isa = PBXFileReference; lastKnownFileType = file.storyboard; name = Base; path = Base.lproj/Main.storyboard; sourceTree = "<group>"; };
		112C28952510A317009AA08A /* Assets.xcassets */ = {isa = PBXFileReference; lastKnownFileType = folder.assetcatalog; path = Assets.xcassets; sourceTree = "<group>"; };
		112C28982510A317009AA08A /* Base */ = {isa = PBXFileReference; lastKnownFileType = file.storyboard; name = Base; path = Base.lproj/LaunchScreen.storyboard; sourceTree = "<group>"; };
		112C289A2510A317009AA08A /* Info.plist */ = {isa = PBXFileReference; lastKnownFileType = text.plist.xml; path = Info.plist; sourceTree = "<group>"; };
		112C289F2510A317009AA08A /* StampTests.xctest */ = {isa = PBXFileReference; explicitFileType = wrapper.cfbundle; includeInIndex = 0; path = StampTests.xctest; sourceTree = BUILT_PRODUCTS_DIR; };
		112C28A32510A317009AA08A /* StampTests.swift */ = {isa = PBXFileReference; lastKnownFileType = sourcecode.swift; path = StampTests.swift; sourceTree = "<group>"; };
		112C28A52510A317009AA08A /* Info.plist */ = {isa = PBXFileReference; lastKnownFileType = text.plist.xml; path = Info.plist; sourceTree = "<group>"; };
		112C28AA2510A317009AA08A /* StampUITests.xctest */ = {isa = PBXFileReference; explicitFileType = wrapper.cfbundle; includeInIndex = 0; path = StampUITests.xctest; sourceTree = BUILT_PRODUCTS_DIR; };
		112C28AE2510A317009AA08A /* StampUITests.swift */ = {isa = PBXFileReference; lastKnownFileType = sourcecode.swift; path = StampUITests.swift; sourceTree = "<group>"; };
		112C28B02510A317009AA08A /* Info.plist */ = {isa = PBXFileReference; lastKnownFileType = text.plist.xml; path = Info.plist; sourceTree = "<group>"; };
/* End PBXFileReference section */

/* Begin PBXFrameworksBuildPhase section */
		112C28862510A315009AA08A /* Frameworks */ = {
			isa = PBXFrameworksBuildPhase;
			buildActionMask = 2147483647;
			files = (
			);
			runOnlyForDeploymentPostprocessing = 0;
		};
		112C289C2510A317009AA08A /* Frameworks */ = {
			isa = PBXFrameworksBuildPhase;
			buildActionMask = 2147483647;
			files = (
			);
			runOnlyForDeploymentPostprocessing = 0;
		};
		112C28A72510A317009AA08A /* Frameworks */ = {
			isa = PBXFrameworksBuildPhase;
			buildActionMask = 2147483647;
			files = (
			);
			runOnlyForDeploymentPostprocessing = 0;
		};
/* End PBXFrameworksBuildPhase section */

/* Begin PBXGroup section */
		112C28802510A315009AA08A = {
			isa = PBXGroup;
			children = (
				112C288B2510A315009AA08A /* Stamp */,
				112C28A22510A317009AA08A /* StampTests */,
				112C28AD2510A317009AA08A /* StampUITests */,
				112C288A2510A315009AA08A /* Products */,
			);
			sourceTree = "<group>";
		};
		112C288A2510A315009AA08A /* Products */ = {
			isa = PBXGroup;
			children = (
				112C28892510A315009AA08A /* Stamp.app */,
				112C289F2510A317009AA08A /* StampTests.xctest */,
				112C28AA2510A317009AA08A /* StampUITests.xctest */,
			);
			name = Products;
			sourceTree = "<group>";
		};
		112C288B2510A315009AA08A /* Stamp */ = {
			isa = PBXGroup;
			children = (
				112C288C2510A315009AA08A /* AppDelegate.swift */,
				112C288E2510A315009AA08A /* SceneDelegate.swift */,
				112C28902510A315009AA08A /* ViewController.swift */,
				112C28922510A315009AA08A /* Main.storyboard */,
				112C28952510A317009AA08A /* Assets.xcassets */,
				112C28972510A317009AA08A /* LaunchScreen.storyboard */,
				112C289A2510A317009AA08A /* Info.plist */,
			);
			path = Stamp;
			sourceTree = "<group>";
		};
		112C28A22510A317009AA08A /* StampTests */ = {
			isa = PBXGroup;
			children = (
				112C28A32510A317009AA08A /* StampTests.swift */,
				112C28A52510A317009AA08A /* Info.plist */,
			);
			path = StampTests;
			sourceTree = "<group>";
		};
		112C28AD2510A317009AA08A /* StampUITests */ = {
			isa = PBXGroup;
			children = (
				112C28AE2510A317009AA08A /* StampUITests.swift */,
				112C28B02510A317009AA08A /* Info.plist */,
			);
			path = StampUITests;
			sourceTree = "<group>";
		};
/* End PBXGroup section */

/* Begin PBXNativeTarget section */
		112C28882510A315009AA08A /* Stamp */ = {
			isa = PBXNativeTarget;
			buildConfigurationList = 112C28B32510A317009AA08A /* Build configuration list for PBXNativeTarget "Stamp" */;
			buildPhases = (
				112C28852510A315009AA08A /* Sources */,
				112C28862510A315009AA08A /* Frameworks */,
				112C28872510A315009AA08A /* Resources */,
			);
			buildRules = (
			);
			dependencies = (
			);
			name = Stamp;
			productName = Stamp;
			productReference = 112C28892510A315009AA08A /* Stamp.app */;
			productType = "com.apple.product-type.application";
		};
		112C289E2510A317009AA08A /* StampTests */ = {
			isa = PBXNativeTarget;
			buildConfigurationList = 112C28B62510A317009AA08A /* Build configuration list for PBXNativeTarget "StampTests" */;
			buildPhases = (
				112C289B2510A317009AA08A /* Sources */,
				112C289C2510A317009AA08A /* Frameworks */,
				112C289D2510A317009AA08A /* Resources */,
			);
			buildRules = (
			);
			dependencies = (
				112C28A12510A317009AA08A /* PBXTargetDependency */,
			);
			name = StampTests;
			productName = StampTests;
			productReference = 112C289F2510A317009AA08A /* StampTests.xctest */;
			productType = "com.apple.product-type.bundle.unit-test";
		};
		112C28A92510A317009AA08A /* StampUITests */ = {
			isa = PBXNativeTarget;
			buildConfigurationList = 112C28B92510A317009AA08A /* Build configuration list for PBXNativeTarget "StampUITests" */;
			buildPhases = (
				112C28A62510A317009AA08A /* Sources */,
				112C28A72510A317009AA08A /* Frameworks */,
				112C28A82510A317009AA08A /* Resources */,
			);
			buildRules = (
			);
			dependencies = (
				112C28AC2510A317009AA08A /* PBXTargetDependency */,
			);
			name = StampUITests;
			productName = StampUITests;
			productReference = 112C28AA2510A317009AA08A /* StampUITests.xctest */;
			productType = "com.apple.product-type.bundle.ui-testing";
		};
/* End PBXNativeTarget section */

/* Begin PBXProject section */
		112C28812510A315009AA08A /* Project object */ = {
			isa = PBXProject;
			attributes = {
				LastSwiftUpdateCheck = 1170;
				LastUpgradeCheck = 1170;
				ORGANIZATIONNAME = "Watanabe nami";
				TargetAttributes = {
					112C28882510A315009AA08A = {
						CreatedOnToolsVersion = 11.7;
					};
					112C289E2510A317009AA08A = {
						CreatedOnToolsVersion = 11.7;
						TestTargetID = 112C28882510A315009AA08A;
					};
					112C28A92510A317009AA08A = {
						CreatedOnToolsVersion = 11.7;
						TestTargetID = 112C28882510A315009AA08A;
					};
				};
			};
			buildConfigurationList = 112C28842510A315009AA08A /* Build configuration list for PBXProject "Stamp" */;
			compatibilityVersion = "Xcode 9.3";
			developmentRegion = en;
			hasScannedForEncodings = 0;
			knownRegions = (
				en,
				Base,
			);
			mainGroup = 112C28802510A315009AA08A;
			productRefGroup = 112C288A2510A315009AA08A /* Products */;
			projectDirPath = "";
			projectRoot = "";
			targets = (
				112C28882510A315009AA08A /* Stamp */,
				112C289E2510A317009AA08A /* StampTests */,
				112C28A92510A317009AA08A /* StampUITests */,
			);
		};
/* End PBXProject section */

/* Begin PBXResourcesBuildPhase section */
		112C28872510A315009AA08A /* Resources */ = {
			isa = PBXResourcesBuildPhase;
			buildActionMask = 2147483647;
			files = (
				112C28992510A317009AA08A /* LaunchScreen.storyboard in Resources */,
				112C28962510A317009AA08A /* Assets.xcassets in Resources */,
				112C28942510A315009AA08A /* Main.storyboard in Resources */,
			);
			runOnlyForDeploymentPostprocessing = 0;
		};
		112C289D2510A317009AA08A /* Resources */ = {
			isa = PBXResourcesBuildPhase;
			buildActionMask = 2147483647;
			files = (
			);
			runOnlyForDeploymentPostprocessing = 0;
		};
		112C28A82510A317009AA08A /* Resources */ = {
			isa = PBXResourcesBuildPhase;
			buildActionMask = 2147483647;
			files = (
			);
			runOnlyForDeploymentPostprocessing = 0;
		};
/* End PBXResourcesBuildPhase section */

/* Begin PBXSourcesBuildPhase section */
		112C28852510A315009AA08A /* Sources */ = {
			isa = PBXSourcesBuildPhase;
			buildActionMask = 2147483647;
			files = (
				112C28912510A315009AA08A /* ViewController.swift in Sources */,
				112C288D2510A315009AA08A /* AppDelegate.swift in Sources */,
				112C288F2510A315009AA08A /* SceneDelegate.swift in Sources */,
			);
			runOnlyForDeploymentPostprocessing = 0;
		};
		112C289B2510A317009AA08A /* Sources */ = {
			isa = PBXSourcesBuildPhase;
			buildActionMask = 2147483647;
			files = (
				112C28A42510A317009AA08A /* StampTests.swift in Sources */,
			);
			runOnlyForDeploymentPostprocessing = 0;
		};
		112C28A62510A317009AA08A /* Sources */ = {
			isa = PBXSourcesBuildPhase;
			buildActionMask = 2147483647;
			files = (
				112C28AF2510A317009AA08A /* StampUITests.swift in Sources */,
			);
			runOnlyForDeploymentPostprocessing = 0;
		};
/* End PBXSourcesBuildPhase section */

/* Begin PBXTargetDependency section */
		112C28A12510A317009AA08A /* PBXTargetDependency */ = {
			isa = PBXTargetDependency;
			target = 112C28882510A315009AA08A /* Stamp */;
			targetProxy = 112C28A02510A317009AA08A /* PBXContainerItemProxy */;
		};
		112C28AC2510A317009AA08A /* PBXTargetDependency */ = {
			isa = PBXTargetDependency;
			target = 112C28882510A315009AA08A /* Stamp */;
			targetProxy = 112C28AB2510A317009AA08A /* PBXContainerItemProxy */;
		};
/* End PBXTargetDependency section */

/* Begin PBXVariantGroup section */
		112C28922510A315009AA08A /* Main.storyboard */ = {
			isa = PBXVariantGroup;
			children = (
				112C28932510A315009AA08A /* Base */,
			);
			name = Main.storyboard;
			sourceTree = "<group>";
		};
		112C28972510A317009AA08A /* LaunchScreen.storyboard */ = {
			isa = PBXVariantGroup;
			children = (
				112C28982510A317009AA08A /* Base */,
			);
			name = LaunchScreen.storyboard;
			sourceTree = "<group>";
		};
/* End PBXVariantGroup section */

/* Begin XCBuildConfiguration section */
		112C28B12510A317009AA08A /* Debug */ = {
			isa = XCBuildConfiguration;
			buildSettings = {
				ALWAYS_SEARCH_USER_PATHS = NO;
				CLANG_ANALYZER_NONNULL = YES;
				CLANG_ANALYZER_NUMBER_OBJECT_CONVERSION = YES_AGGRESSIVE;
				CLANG_CXX_LANGUAGE_STANDARD = "gnu++14";
				CLANG_CXX_LIBRARY = "libc++";
				CLANG_ENABLE_MODULES = YES;
				CLANG_ENABLE_OBJC_ARC = YES;
				CLANG_ENABLE_OBJC_WEAK = YES;
				CLANG_WARN_BLOCK_CAPTURE_AUTORELEASING = YES;
				CLANG_WARN_BOOL_CONVERSION = YES;
				CLANG_WARN_COMMA = YES;
				CLANG_WARN_CONSTANT_CONVERSION = YES;
				CLANG_WARN_DEPRECATED_OBJC_IMPLEMENTATIONS = YES;
				CLANG_WARN_DIRECT_OBJC_ISA_USAGE = YES_ERROR;
				CLANG_WARN_DOCUMENTATION_COMMENTS = YES;
				CLANG_WARN_EMPTY_BODY = YES;
				CLANG_WARN_ENUM_CONVERSION = YES;
				CLANG_WARN_INFINITE_RECURSION = YES;
				CLANG_WARN_INT_CONVERSION = YES;
				CLANG_WARN_NON_LITERAL_NULL_CONVERSION = YES;
				CLANG_WARN_OBJC_IMPLICIT_RETAIN_SELF = YES;
				CLANG_WARN_OBJC_LITERAL_CONVERSION = YES;
				CLANG_WARN_OBJC_ROOT_CLASS = YES_ERROR;
				CLANG_WARN_RANGE_LOOP_ANALYSIS = YES;
				CLANG_WARN_STRICT_PROTOTYPES = YES;
				CLANG_WARN_SUSPICIOUS_MOVE = YES;
				CLANG_WARN_UNGUARDED_AVAILABILITY = YES_AGGRESSIVE;
				CLANG_WARN_UNREACHABLE_CODE = YES;
				CLANG_WARN__DUPLICATE_METHOD_MATCH = YES;
				COPY_PHASE_STRIP = NO;
				DEBUG_INFORMATION_FORMAT = dwarf;
				ENABLE_STRICT_OBJC_MSGSEND = YES;
				ENABLE_TESTABILITY = YES;
				GCC_C_LANGUAGE_STANDARD = gnu11;
				GCC_DYNAMIC_NO_PIC = NO;
				GCC_NO_COMMON_BLOCKS = YES;
				GCC_OPTIMIZATION_LEVEL = 0;
				GCC_PREPROCESSOR_DEFINITIONS = (
					"DEBUG=1",
					"$(inherited)",
				);
				GCC_WARN_64_TO_32_BIT_CONVERSION = YES;
				GCC_WARN_ABOUT_RETURN_TYPE = YES_ERROR;
				GCC_WARN_UNDECLARED_SELECTOR = YES;
				GCC_WARN_UNINITIALIZED_AUTOS = YES_AGGRESSIVE;
				GCC_WARN_UNUSED_FUNCTION = YES;
				GCC_WARN_UNUSED_VARIABLE = YES;
				IPHONEOS_DEPLOYMENT_TARGET = 13.7;
				MTL_ENABLE_DEBUG_INFO = INCLUDE_SOURCE;
				MTL_FAST_MATH = YES;
				ONLY_ACTIVE_ARCH = YES;
				SDKROOT = iphoneos;
				SWIFT_ACTIVE_COMPILATION_CONDITIONS = DEBUG;
				SWIFT_OPTIMIZATION_LEVEL = "-Onone";
			};
			name = Debug;
		};
		112C28B22510A317009AA08A /* Release */ = {
			isa = XCBuildConfiguration;
			buildSettings = {
				ALWAYS_SEARCH_USER_PATHS = NO;
				CLANG_ANALYZER_NONNULL = YES;
				CLANG_ANALYZER_NUMBER_OBJECT_CONVERSION = YES_AGGRESSIVE;
				CLANG_CXX_LANGUAGE_STANDARD = "gnu++14";
				CLANG_CXX_LIBRARY = "libc++";
				CLANG_ENABLE_MODULES = YES;
				CLANG_ENABLE_OBJC_ARC = YES;
				CLANG_ENABLE_OBJC_WEAK = YES;
				CLANG_WARN_BLOCK_CAPTURE_AUTORELEASING = YES;
				CLANG_WARN_BOOL_CONVERSION = YES;
				CLANG_WARN_COMMA = YES;
				CLANG_WARN_CONSTANT_CONVERSION = YES;
				CLANG_WARN_DEPRECATED_OBJC_IMPLEMENTATIONS = YES;
				CLANG_WARN_DIRECT_OBJC_ISA_USAGE = YES_ERROR;
				CLANG_WARN_DOCUMENTATION_COMMENTS = YES;
				CLANG_WARN_EMPTY_BODY = YES;
				CLANG_WARN_ENUM_CONVERSION = YES;
				CLANG_WARN_INFINITE_RECURSION = YES;
				CLANG_WARN_INT_CONVERSION = YES;
				CLANG_WARN_NON_LITERAL_NULL_CONVERSION = YES;
				CLANG_WARN_OBJC_IMPLICIT_RETAIN_SELF = YES;
				CLANG_WARN_OBJC_LITERAL_CONVERSION = YES;
				CLANG_WARN_OBJC_ROOT_CLASS = YES_ERROR;
				CLANG_WARN_RANGE_LOOP_ANALYSIS = YES;
				CLANG_WARN_STRICT_PROTOTYPES = YES;
				CLANG_WARN_SUSPICIOUS_MOVE = YES;
				CLANG_WARN_UNGUARDED_AVAILABILITY = YES_AGGRESSIVE;
				CLANG_WARN_UNREACHABLE_CODE = YES;
				CLANG_WARN__DUPLICATE_METHOD_MATCH = YES;
				COPY_PHASE_STRIP = NO;
				DEBUG_INFORMATION_FORMAT = "dwarf-with-dsym";
				ENABLE_NS_ASSERTIONS = NO;
				ENABLE_STRICT_OBJC_MSGSEND = YES;
				GCC_C_LANGUAGE_STANDARD = gnu11;
				GCC_NO_COMMON_BLOCKS = YES;
				GCC_WARN_64_TO_32_BIT_CONVERSION = YES;
				GCC_WARN_ABOUT_RETURN_TYPE = YES_ERROR;
				GCC_WARN_UNDECLARED_SELECTOR = YES;
				GCC_WARN_UNINITIALIZED_AUTOS = YES_AGGRESSIVE;
				GCC_WARN_UNUSED_FUNCTION = YES;
				GCC_WARN_UNUSED_VARIABLE = YES;
				IPHONEOS_DEPLOYMENT_TARGET = 13.7;
				MTL_ENABLE_DEBUG_INFO = NO;
				MTL_FAST_MATH = YES;
				SDKROOT = iphoneos;
				SWIFT_COMPILATION_MODE = wholemodule;
				SWIFT_OPTIMIZATION_LEVEL = "-O";
				VALIDATE_PRODUCT = YES;
			};
			name = Release;
		};
		112C28B42510A317009AA08A /* Debug */ = {
			isa = XCBuildConfiguration;
			buildSettings = {
				ASSETCATALOG_COMPILER_APPICON_NAME = AppIcon;
				CODE_SIGN_STYLE = Automatic;
				DEVELOPMENT_TEAM = 7879393RUF;
				INFOPLIST_FILE = Stamp/Info.plist;
				LD_RUNPATH_SEARCH_PATHS = (
					"$(inherited)",
					"@executable_path/Frameworks",
				);
				PRODUCT_BUNDLE_IDENTIFIER = app.watanabe.nami.Stamp;
				PRODUCT_NAME = "$(TARGET_NAME)";
				SWIFT_VERSION = 5.0;
				TARGETED_DEVICE_FAMILY = "1,2";
			};
			name = Debug;
		};
		112C28B52510A317009AA08A /* Release */ = {
			isa = XCBuildConfiguration;
			buildSettings = {
				ASSETCATALOG_COMPILER_APPICON_NAME = AppIcon;
				CODE_SIGN_STYLE = Automatic;
				DEVELOPMENT_TEAM = 7879393RUF;
				INFOPLIST_FILE = Stamp/Info.plist;
				LD_RUNPATH_SEARCH_PATHS = (
					"$(inherited)",
					"@executable_path/Frameworks",
				);
				PRODUCT_BUNDLE_IDENTIFIER = app.watanabe.nami.Stamp;
				PRODUCT_NAME = "$(TARGET_NAME)";
				SWIFT_VERSION = 5.0;
				TARGETED_DEVICE_FAMILY = "1,2";
			};
			name = Release;
		};
		112C28B72510A317009AA08A /* Debug */ = {
			isa = XCBuildConfiguration;
			buildSettings = {
				ALWAYS_EMBED_SWIFT_STANDARD_LIBRARIES = YES;
				BUNDLE_LOADER = "$(TEST_HOST)";
				CODE_SIGN_STYLE = Automatic;
				DEVELOPMENT_TEAM = 7879393RUF;
				INFOPLIST_FILE = StampTests/Info.plist;
				IPHONEOS_DEPLOYMENT_TARGET = 13.7;
				LD_RUNPATH_SEARCH_PATHS = (
					"$(inherited)",
					"@executable_path/Frameworks",
					"@loader_path/Frameworks",
				);
				PRODUCT_BUNDLE_IDENTIFIER = app.watanabe.nami.StampTests;
				PRODUCT_NAME = "$(TARGET_NAME)";
				SWIFT_VERSION = 5.0;
				TARGETED_DEVICE_FAMILY = "1,2";
				TEST_HOST = "$(BUILT_PRODUCTS_DIR)/Stamp.app/Stamp";
			};
			name = Debug;
		};
		112C28B82510A317009AA08A /* Release */ = {
			isa = XCBuildConfiguration;
			buildSettings = {
				ALWAYS_EMBED_SWIFT_STANDARD_LIBRARIES = YES;
				BUNDLE_LOADER = "$(TEST_HOST)";
				CODE_SIGN_STYLE = Automatic;
				DEVELOPMENT_TEAM = 7879393RUF;
				INFOPLIST_FILE = StampTests/Info.plist;
				IPHONEOS_DEPLOYMENT_TARGET = 13.7;
				LD_RUNPATH_SEARCH_PATHS = (
					"$(inherited)",
					"@executable_path/Frameworks",
					"@loader_path/Frameworks",
				);
				PRODUCT_BUNDLE_IDENTIFIER = app.watanabe.nami.StampTests;
				PRODUCT_NAME = "$(TARGET_NAME)";
				SWIFT_VERSION = 5.0;
				TARGETED_DEVICE_FAMILY = "1,2";
				TEST_HOST = "$(BUILT_PRODUCTS_DIR)/Stamp.app/Stamp";
			};
			name = Release;
		};
		112C28BA2510A317009AA08A /* Debug */ = {
			isa = XCBuildConfiguration;
			buildSettings = {
				ALWAYS_EMBED_SWIFT_STANDARD_LIBRARIES = YES;
				CODE_SIGN_STYLE = Automatic;
				DEVELOPMENT_TEAM = 7879393RUF;
				INFOPLIST_FILE = StampUITests/Info.plist;
				LD_RUNPATH_SEARCH_PATHS = (
					"$(inherited)",
					"@executable_path/Frameworks",
					"@loader_path/Frameworks",
				);
				PRODUCT_BUNDLE_IDENTIFIER = app.watanabe.nami.StampUITests;
				PRODUCT_NAME = "$(TARGET_NAME)";
				SWIFT_VERSION = 5.0;
				TARGETED_DEVICE_FAMILY = "1,2";
				TEST_TARGET_NAME = Stamp;
			};
			name = Debug;
		};
		112C28BB2510A317009AA08A /* Release */ = {
			isa = XCBuildConfiguration;
			buildSettings = {
				ALWAYS_EMBED_SWIFT_STANDARD_LIBRARIES = YES;
				CODE_SIGN_STYLE = Automatic;
				DEVELOPMENT_TEAM = 7879393RUF;
				INFOPLIST_FILE = StampUITests/Info.plist;
				LD_RUNPATH_SEARCH_PATHS = (
					"$(inherited)",
					"@executable_path/Frameworks",
					"@loader_path/Frameworks",
				);
				PRODUCT_BUNDLE_IDENTIFIER = app.watanabe.nami.StampUITests;
				PRODUCT_NAME = "$(TARGET_NAME)";
				SWIFT_VERSION = 5.0;
				TARGETED_DEVICE_FAMILY = "1,2";
				TEST_TARGET_NAME = Stamp;
			};
			name = Release;
		};
/* End XCBuildConfiguration section */

/* Begin XCConfigurationList section */
		112C28842510A315009AA08A /* Build configuration list for PBXProject "Stamp" */ = {
			isa = XCConfigurationList;
			buildConfigurations = (
				112C28B12510A317009AA08A /* Debug */,
				112C28B22510A317009AA08A /* Release */,
			);
			defaultConfigurationIsVisible = 0;
			defaultConfigurationName = Release;
		};
		112C28B32510A317009AA08A /* Build configuration list for PBXNativeTarget "Stamp" */ = {
			isa = XCConfigurationList;
			buildConfigurations = (
				112C28B42510A317009AA08A /* Debug */,
				112C28B52510A317009AA08A /* Release */,
			);
			defaultConfigurationIsVisible = 0;
			defaultConfigurationName = Release;
		};
		112C28B62510A317009AA08A /* Build configuration list for PBXNativeTarget "StampTests" */ = {
			isa = XCConfigurationList;
			buildConfigurations = (
				112C28B72510A317009AA08A /* Debug */,
				112C28B82510A317009AA08A /* Release */,
			);
			defaultConfigurationIsVisible = 0;
			defaultConfigurationName = Release;
		};
		112C28B92510A317009AA08A /* Build configuration list for PBXNativeTarget "StampUITests" */ = {
			isa = XCConfigurationList;
			buildConfigurations = (
				112C28BA2510A317009AA08A /* Debug */,
				112C28BB2510A317009AA08A /* Release */,
			);
			defaultConfigurationIsVisible = 0;
			defaultConfigurationName = Release;
		};
/* End XCConfigurationList section */
	};
	rootObject = 112C28812510A315009AA08A /* Project object */;
}
